
Microsoft Visual Studio Solution File, Format Version 12.00
# Visual Studio Version 17
VisualStudioVersion = 17.1.32328.378
MinimumVisualStudioVersion = 10.0.40219.1
Project("{FAE04EC0-301F-11D3-BF4B-00C04F79EFBC}") = "FizzBuzz", "FizzBuzz\FizzBuzz.csproj", "{57904C88-9B22-4171-8D15-56DA6A1DF98F}"
EndProject
Project("{FAE04EC0-301F-11D3-BF4B-00C04F79EFBC}") = "FizzBuzz.Test", "FizzBuzz.Test\FizzBuzz.Test.csproj", "{64711FEF-62E3-46EB-A402-9278EA4D2CCD}"
EndProject
Global
	GlobalSection(SolutionConfigurationPlatforms) = preSolution
		Debug|Any CPU = Debug|Any CPU
		Release|Any CPU = Release|Any CPU
	EndGlobalSection
	GlobalSection(ProjectConfigurationPlatforms) = postSolution
		{57904C88-9B22-4171-8D15-56DA6A1DF98F}.Debug|Any CPU.ActiveCfg = Debug|Any CPU
		{57904C88-9B22-4171-8D15-56DA6A1DF98F}.Debug|Any CPU.Build.0 = Debug|Any CPU
		{57904C88-9B22-4171-8D15-56DA6A1DF98F}.Release|Any CPU.ActiveCfg = Release|Any CPU
		{57904C88-9B22-4171-8D15-56DA6A1DF98F}.Release|Any CPU.Build.0 = Release|Any CPU
		{64711FEF-62E3-46EB-A402-9278EA4D2CCD}.Debug|Any CPU.ActiveCfg = Debug|Any CPU
		{64711FEF-62E3-46EB-A402-9278EA4D2CCD}.Debug|Any CPU.Build.0 = Debug|Any CPU
		{64711FEF-62E3-46EB-A402-9278EA4D2CCD}.Release|Any CPU.ActiveCfg = Release|Any CPU
		{64711FEF-62E3-46EB-A402-9278EA4D2CCD}.Release|Any CPU.Build.0 = Release|Any CPU
	EndGlobalSection
	GlobalSection(SolutionProperties) = preSolution
		HideSolutionNode = FALSE
	EndGlobalSection
	GlobalSection(ExtensibilityGlobals) = postSolution
		SolutionGuid = {3DF986C3-6377-4EBF-910A-9C9DFA713D33}
	EndGlobalSection
EndGlobal
