
Microsoft Visual Studio Solution File, Format Version 12.00
# Visual Studio Version 17
VisualStudioVersion = 17.1.32328.378
MinimumVisualStudioVersion = 10.0.40219.1
Project("{FAE04EC0-301F-11D3-BF4B-00C04F79EFBC}") = "AOPwithDynamicProxy", "AOPwithDynamicProxy\AOPwithDynamicProxy.csproj", "{2A219668-6B45-495D-BAAB-74DD1E5B1275}"
EndProject
Global
	GlobalSection(SolutionConfigurationPlatforms) = preSolution
		Debug|Any CPU = Debug|Any CPU
		Release|Any CPU = Release|Any CPU
	EndGlobalSection
	GlobalSection(ProjectConfigurationPlatforms) = postSolution
		{2A219668-6B45-495D-BAAB-74DD1E5B1275}.Debug|Any CPU.ActiveCfg = Debug|Any CPU
		{2A219668-6B45-495D-BAAB-74DD1E5B1275}.Debug|Any CPU.Build.0 = Debug|Any CPU
		{2A219668-6B45-495D-BAAB-74DD1E5B1275}.Release|Any CPU.ActiveCfg = Release|Any CPU
		{2A219668-6B45-495D-BAAB-74DD1E5B1275}.Release|Any CPU.Build.0 = Release|Any CPU
	EndGlobalSection
	GlobalSection(SolutionProperties) = preSolution
		HideSolutionNode = FALSE
	EndGlobalSection
	GlobalSection(ExtensibilityGlobals) = postSolution
		SolutionGuid = {4874AE09-C9E8-4C68-AE0C-7C94E7FD4A67}
	EndGlobalSection
EndGlobal
